// !$*UTF8*$!
{
	archiveVersion = 1;
	classes = {
	};
	objectVersion = 50;
	objects = {

/* Begin PBXBuildFile section */
		541BCD93252C39F200311915 /* LoveApp.swift in Sources */ = {isa = PBXBuildFile; fileRef = 541BCD92252C39F200311915 /* LoveApp.swift */; };
		541BCD95252C39F200311915 /* ContentView.swift in Sources */ = {isa = PBXBuildFile; fileRef = 541BCD94252C39F200311915 /* ContentView.swift */; };
		541BCD97252C39F600311915 /* Assets.xcassets in Resources */ = {isa = PBXBuildFile; fileRef = 541BCD96252C39F600311915 /* Assets.xcassets */; };
		541BCD9A252C39F600311915 /* Preview Assets.xcassets in Resources */ = {isa = PBXBuildFile; fileRef = 541BCD99252C39F600311915 /* Preview Assets.xcassets */; };
		541BCDA5252C39F600311915 /* LoveTests.swift in Sources */ = {isa = PBXBuildFile; fileRef = 541BCDA4252C39F600311915 /* LoveTests.swift */; };
		541BCDB0252C39F600311915 /* LoveUITests.swift in Sources */ = {isa = PBXBuildFile; fileRef = 541BCDAF252C39F600311915 /* LoveUITests.swift */; };
		541BCDC4252C44BD00311915 /* MarriageImage.swift in Sources */ = {isa = PBXBuildFile; fileRef = 541BCDC3252C44BD00311915 /* MarriageImage.swift */; };
/* End PBXBuildFile section */

/* Begin PBXContainerItemProxy section */
		541BCDA1252C39F600311915 /* PBXContainerItemProxy */ = {
			isa = PBXContainerItemProxy;
			containerPortal = 541BCD87252C39F200311915 /* Project object */;
			proxyType = 1;
			remoteGlobalIDString = 541BCD8E252C39F200311915;
			remoteInfo = Love;
		};
		541BCDAC252C39F600311915 /* PBXContainerItemProxy */ = {
			isa = PBXContainerItemProxy;
			containerPortal = 541BCD87252C39F200311915 /* Project object */;
			proxyType = 1;
			remoteGlobalIDString = 541BCD8E252C39F200311915;
			remoteInfo = Love;
		};
/* End PBXContainerItemProxy section */

/* Begin PBXFileReference section */
		541BCD8F252C39F200311915 /* Love.app */ = {isa = PBXFileReference; explicitFileType = wrapper.application; includeInIndex = 0; path = Love.app; sourceTree = BUILT_PRODUCTS_DIR; };
		541BCD92252C39F200311915 /* LoveApp.swift */ = {isa = PBXFileReference; lastKnownFileType = sourcecode.swift; path = LoveApp.swift; sourceTree = "<group>"; };
		541BCD94252C39F200311915 /* ContentView.swift */ = {isa = PBXFileReference; lastKnownFileType = sourcecode.swift; path = ContentView.swift; sourceTree = "<group>"; };
		541BCD96252C39F600311915 /* Assets.xcassets */ = {isa = PBXFileReference; lastKnownFileType = folder.assetcatalog; path = Assets.xcassets; sourceTree = "<group>"; };
		541BCD99252C39F600311915 /* Preview Assets.xcassets */ = {isa = PBXFileReference; lastKnownFileType = folder.assetcatalog; path = "Preview Assets.xcassets"; sourceTree = "<group>"; };
		541BCD9B252C39F600311915 /* Info.plist */ = {isa = PBXFileReference; lastKnownFileType = text.plist.xml; path = Info.plist; sourceTree = "<group>"; };
		541BCDA0252C39F600311915 /* LoveTests.xctest */ = {isa = PBXFileReference; explicitFileType = wrapper.cfbundle; includeInIndex = 0; path = LoveTests.xctest; sourceTree = BUILT_PRODUCTS_DIR; };
		541BCDA4252C39F600311915 /* LoveTests.swift */ = {isa = PBXFileReference; lastKnownFileType = sourcecode.swift; path = LoveTests.swift; sourceTree = "<group>"; };
		541BCDA6252C39F600311915 /* Info.plist */ = {isa = PBXFileReference; lastKnownFileType = text.plist.xml; path = Info.plist; sourceTree = "<group>"; };
		541BCDAB252C39F600311915 /* LoveUITests.xctest */ = {isa = PBXFileReference; explicitFileType = wrapper.cfbundle; includeInIndex = 0; path = LoveUITests.xctest; sourceTree = BUILT_PRODUCTS_DIR; };
		541BCDAF252C39F600311915 /* LoveUITests.swift */ = {isa = PBXFileReference; lastKnownFileType = sourcecode.swift; path = LoveUITests.swift; sourceTree = "<group>"; };
		541BCDB1252C39F600311915 /* Info.plist */ = {isa = PBXFileReference; lastKnownFileType = text.plist.xml; path = Info.plist; sourceTree = "<group>"; };
		541BCDC3252C44BD00311915 /* MarriageImage.swift */ = {isa = PBXFileReference; lastKnownFileType = sourcecode.swift; path = MarriageImage.swift; sourceTree = "<group>"; };
		545C2C00252D27230036BDF4 /* Love.entitlements */ = {isa = PBXFileReference; lastKnownFileType = text.plist.entitlements; path = Love.entitlements; sourceTree = "<group>"; };
/* End PBXFileReference section */

/* Begin PBXFrameworksBuildPhase section */
		541BCD8C252C39F200311915 /* Frameworks */ = {
			isa = PBXFrameworksBuildPhase;
			buildActionMask = 2147483647;
			files = (
			);
			runOnlyForDeploymentPostprocessing = 0;
		};
		541BCD9D252C39F600311915 /* Frameworks */ = {
			isa = PBXFrameworksBuildPhase;
			buildActionMask = 2147483647;
			files = (
			);
			runOnlyForDeploymentPostprocessing = 0;
		};
		541BCDA8252C39F600311915 /* Frameworks */ = {
			isa = PBXFrameworksBuildPhase;
			buildActionMask = 2147483647;
			files = (
			);
			runOnlyForDeploymentPostprocessing = 0;
		};
/* End PBXFrameworksBuildPhase section */

/* Begin PBXGroup section */
		541BCD86252C39F200311915 = {
			isa = PBXGroup;
			children = (
				541BCD91252C39F200311915 /* Love */,
				541BCDA3252C39F600311915 /* LoveTests */,
				541BCDAE252C39F600311915 /* LoveUITests */,
				541BCD90252C39F200311915 /* Products */,
			);
			sourceTree = "<group>";
		};
		541BCD90252C39F200311915 /* Products */ = {
			isa = PBXGroup;
			children = (
				541BCD8F252C39F200311915 /* Love.app */,
				541BCDA0252C39F600311915 /* LoveTests.xctest */,
				541BCDAB252C39F600311915 /* LoveUITests.xctest */,
			);
			name = Products;
			sourceTree = "<group>";
		};
		541BCD91252C39F200311915 /* Love */ = {
			isa = PBXGroup;
			children = (
				545C2C00252D27230036BDF4 /* Love.entitlements */,
				541BCD92252C39F200311915 /* LoveApp.swift */,
				541BCDC3252C44BD00311915 /* MarriageImage.swift */,
				541BCD94252C39F200311915 /* ContentView.swift */,
				541BCD96252C39F600311915 /* Assets.xcassets */,
				541BCD9B252C39F600311915 /* Info.plist */,
				541BCD98252C39F600311915 /* Preview Content */,
			);
			path = Love;
			sourceTree = "<group>";
		};
		541BCD98252C39F600311915 /* Preview Content */ = {
			isa = PBXGroup;
			children = (
				541BCD99252C39F600311915 /* Preview Assets.xcassets */,
			);
			path = "Preview Content";
			sourceTree = "<group>";
		};
		541BCDA3252C39F600311915 /* LoveTests */ = {
			isa = PBXGroup;
			children = (
				541BCDA4252C39F600311915 /* LoveTests.swift */,
				541BCDA6252C39F600311915 /* Info.plist */,
			);
			path = LoveTests;
			sourceTree = "<group>";
		};
		541BCDAE252C39F600311915 /* LoveUITests */ = {
			isa = PBXGroup;
			children = (
				541BCDAF252C39F600311915 /* LoveUITests.swift */,
				541BCDB1252C39F600311915 /* Info.plist */,
			);
			path = LoveUITests;
			sourceTree = "<group>";
		};
/* End PBXGroup section */

/* Begin PBXNativeTarget section */
		541BCD8E252C39F200311915 /* Love */ = {
			isa = PBXNativeTarget;
			buildConfigurationList = 541BCDB4252C39F600311915 /* Build configuration list for PBXNativeTarget "Love" */;
			buildPhases = (
				541BCD8B252C39F200311915 /* Sources */,
				541BCD8C252C39F200311915 /* Frameworks */,
				541BCD8D252C39F200311915 /* Resources */,
			);
			buildRules = (
			);
			dependencies = (
			);
			name = Love;
			productName = Love;
			productReference = 541BCD8F252C39F200311915 /* Love.app */;
			productType = "com.apple.product-type.application";
		};
		541BCD9F252C39F600311915 /* LoveTests */ = {
			isa = PBXNativeTarget;
			buildConfigurationList = 541BCDB7252C39F600311915 /* Build configuration list for PBXNativeTarget "LoveTests" */;
			buildPhases = (
				541BCD9C252C39F600311915 /* Sources */,
				541BCD9D252C39F600311915 /* Frameworks */,
				541BCD9E252C39F600311915 /* Resources */,
			);
			buildRules = (
			);
			dependencies = (
				541BCDA2252C39F600311915 /* PBXTargetDependency */,
			);
			name = LoveTests;
			productName = LoveTests;
			productReference = 541BCDA0252C39F600311915 /* LoveTests.xctest */;
			productType = "com.apple.product-type.bundle.unit-test";
		};
		541BCDAA252C39F600311915 /* LoveUITests */ = {
			isa = PBXNativeTarget;
			buildConfigurationList = 541BCDBA252C39F600311915 /* Build configuration list for PBXNativeTarget "LoveUITests" */;
			buildPhases = (
				541BCDA7252C39F600311915 /* Sources */,
				541BCDA8252C39F600311915 /* Frameworks */,
				541BCDA9252C39F600311915 /* Resources */,
			);
			buildRules = (
			);
			dependencies = (
				541BCDAD252C39F600311915 /* PBXTargetDependency */,
			);
			name = LoveUITests;
			productName = LoveUITests;
			productReference = 541BCDAB252C39F600311915 /* LoveUITests.xctest */;
			productType = "com.apple.product-type.bundle.ui-testing";
		};
/* End PBXNativeTarget section */

/* Begin PBXProject section */
		541BCD87252C39F200311915 /* Project object */ = {
			isa = PBXProject;
			attributes = {
				LastSwiftUpdateCheck = 1200;
				LastUpgradeCheck = 1200;
				TargetAttributes = {
					541BCD8E252C39F200311915 = {
						CreatedOnToolsVersion = 12.0;
					};
					541BCD9F252C39F600311915 = {
						CreatedOnToolsVersion = 12.0;
						TestTargetID = 541BCD8E252C39F200311915;
					};
					541BCDAA252C39F600311915 = {
						CreatedOnToolsVersion = 12.0;
						TestTargetID = 541BCD8E252C39F200311915;
					};
				};
			};
			buildConfigurationList = 541BCD8A252C39F200311915 /* Build configuration list for PBXProject "Love" */;
			compatibilityVersion = "Xcode 9.3";
			developmentRegion = en;
			hasScannedForEncodings = 0;
			knownRegions = (
				en,
				Base,
			);
			mainGroup = 541BCD86252C39F200311915;
			productRefGroup = 541BCD90252C39F200311915 /* Products */;
			projectDirPath = "";
			projectRoot = "";
			targets = (
				541BCD8E252C39F200311915 /* Love */,
				541BCD9F252C39F600311915 /* LoveTests */,
				541BCDAA252C39F600311915 /* LoveUITests */,
			);
		};
/* End PBXProject section */

/* Begin PBXResourcesBuildPhase section */
		541BCD8D252C39F200311915 /* Resources */ = {
			isa = PBXResourcesBuildPhase;
			buildActionMask = 2147483647;
			files = (
				541BCD9A252C39F600311915 /* Preview Assets.xcassets in Resources */,
				541BCD97252C39F600311915 /* Assets.xcassets in Resources */,
			);
			runOnlyForDeploymentPostprocessing = 0;
		};
		541BCD9E252C39F600311915 /* Resources */ = {
			isa = PBXResourcesBuildPhase;
			buildActionMask = 2147483647;
			files = (
			);
			runOnlyForDeploymentPostprocessing = 0;
		};
		541BCDA9252C39F600311915 /* Resources */ = {
			isa = PBXResourcesBuildPhase;
			buildActionMask = 2147483647;
			files = (
			);
			runOnlyForDeploymentPostprocessing = 0;
		};
/* End PBXResourcesBuildPhase section */

/* Begin PBXSourcesBuildPhase section */
		541BCD8B252C39F200311915 /* Sources */ = {
			isa = PBXSourcesBuildPhase;
			buildActionMask = 2147483647;
			files = (
				541BCDC4252C44BD00311915 /* MarriageImage.swift in Sources */,
				541BCD95252C39F200311915 /* ContentView.swift in Sources */,
				541BCD93252C39F200311915 /* LoveApp.swift in Sources */,
			);
			runOnlyForDeploymentPostprocessing = 0;
		};
		541BCD9C252C39F600311915 /* Sources */ = {
			isa = PBXSourcesBuildPhase;
			buildActionMask = 2147483647;
			files = (
				541BCDA5252C39F600311915 /* LoveTests.swift in Sources */,
			);
			runOnlyForDeploymentPostprocessing = 0;
		};
		541BCDA7252C39F600311915 /* Sources */ = {
			isa = PBXSourcesBuildPhase;
			buildActionMask = 2147483647;
			files = (
				541BCDB0252C39F600311915 /* LoveUITests.swift in Sources */,
			);
			runOnlyForDeploymentPostprocessing = 0;
		};
/* End PBXSourcesBuildPhase section */

/* Begin PBXTargetDependency section */
		541BCDA2252C39F600311915 /* PBXTargetDependency */ = {
			isa = PBXTargetDependency;
			target = 541BCD8E252C39F200311915 /* Love */;
			targetProxy = 541BCDA1252C39F600311915 /* PBXContainerItemProxy */;
		};
		541BCDAD252C39F600311915 /* PBXTargetDependency */ = {
			isa = PBXTargetDependency;
			target = 541BCD8E252C39F200311915 /* Love */;
			targetProxy = 541BCDAC252C39F600311915 /* PBXContainerItemProxy */;
		};
/* End PBXTargetDependency section */

/* Begin XCBuildConfiguration section */
		541BCDB2252C39F600311915 /* Debug */ = {
			isa = XCBuildConfiguration;
			buildSettings = {
				ALWAYS_SEARCH_USER_PATHS = NO;
				CLANG_ANALYZER_NONNULL = YES;
				CLANG_ANALYZER_NUMBER_OBJECT_CONVERSION = YES_AGGRESSIVE;
				CLANG_CXX_LANGUAGE_STANDARD = "gnu++14";
				CLANG_CXX_LIBRARY = "libc++";
				CLANG_ENABLE_MODULES = YES;
				CLANG_ENABLE_OBJC_ARC = YES;
				CLANG_ENABLE_OBJC_WEAK = YES;
				CLANG_WARN_BLOCK_CAPTURE_AUTORELEASING = YES;
				CLANG_WARN_BOOL_CONVERSION = YES;
				CLANG_WARN_COMMA = YES;
				CLANG_WARN_CONSTANT_CONVERSION = YES;
				CLANG_WARN_DEPRECATED_OBJC_IMPLEMENTATIONS = YES;
				CLANG_WARN_DIRECT_OBJC_ISA_USAGE = YES_ERROR;
				CLANG_WARN_DOCUMENTATION_COMMENTS = YES;
				CLANG_WARN_EMPTY_BODY = YES;
				CLANG_WARN_ENUM_CONVERSION = YES;
				CLANG_WARN_INFINITE_RECURSION = YES;
				CLANG_WARN_INT_CONVERSION = YES;
				CLANG_WARN_NON_LITERAL_NULL_CONVERSION = YES;
				CLANG_WARN_OBJC_IMPLICIT_RETAIN_SELF = YES;
				CLANG_WARN_OBJC_LITERAL_CONVERSION = YES;
				CLANG_WARN_OBJC_ROOT_CLASS = YES_ERROR;
				CLANG_WARN_QUOTED_INCLUDE_IN_FRAMEWORK_HEADER = YES;
				CLANG_WARN_RANGE_LOOP_ANALYSIS = YES;
				CLANG_WARN_STRICT_PROTOTYPES = YES;
				CLANG_WARN_SUSPICIOUS_MOVE = YES;
				CLANG_WARN_UNGUARDED_AVAILABILITY = YES_AGGRESSIVE;
				CLANG_WARN_UNREACHABLE_CODE = YES;
				CLANG_WARN__DUPLICATE_METHOD_MATCH = YES;
				COPY_PHASE_STRIP = NO;
				DEBUG_INFORMATION_FORMAT = dwarf;
				ENABLE_STRICT_OBJC_MSGSEND = YES;
				ENABLE_TESTABILITY = YES;
				GCC_C_LANGUAGE_STANDARD = gnu11;
				GCC_DYNAMIC_NO_PIC = NO;
				GCC_NO_COMMON_BLOCKS = YES;
				GCC_OPTIMIZATION_LEVEL = 0;
				GCC_PREPROCESSOR_DEFINITIONS = (
					"DEBUG=1",
					"$(inherited)",
				);
				GCC_WARN_64_TO_32_BIT_CONVERSION = YES;
				GCC_WARN_ABOUT_RETURN_TYPE = YES_ERROR;
				GCC_WARN_UNDECLARED_SELECTOR = YES;
				GCC_WARN_UNINITIALIZED_AUTOS = YES_AGGRESSIVE;
				GCC_WARN_UNUSED_FUNCTION = YES;
				GCC_WARN_UNUSED_VARIABLE = YES;
				MTL_ENABLE_DEBUG_INFO = INCLUDE_SOURCE;
				MTL_FAST_MATH = YES;
				ONLY_ACTIVE_ARCH = YES;
				SDKROOT = appletvos;
				SWIFT_ACTIVE_COMPILATION_CONDITIONS = DEBUG;
				SWIFT_OPTIMIZATION_LEVEL = "-Onone";
				TVOS_DEPLOYMENT_TARGET = 14.0;
			};
			name = Debug;
		};
		541BCDB3252C39F600311915 /* Release */ = {
			isa = XCBuildConfiguration;
			buildSettings = {
				ALWAYS_SEARCH_USER_PATHS = NO;
				CLANG_ANALYZER_NONNULL = YES;
				CLANG_ANALYZER_NUMBER_OBJECT_CONVERSION = YES_AGGRESSIVE;
				CLANG_CXX_LANGUAGE_STANDARD = "gnu++14";
				CLANG_CXX_LIBRARY = "libc++";
				CLANG_ENABLE_MODULES = YES;
				CLANG_ENABLE_OBJC_ARC = YES;
				CLANG_ENABLE_OBJC_WEAK = YES;
				CLANG_WARN_BLOCK_CAPTURE_AUTORELEASING = YES;
				CLANG_WARN_BOOL_CONVERSION = YES;
				CLANG_WARN_COMMA = YES;
				CLANG_WARN_CONSTANT_CONVERSION = YES;
				CLANG_WARN_DEPRECATED_OBJC_IMPLEMENTATIONS = YES;
				CLANG_WARN_DIRECT_OBJC_ISA_USAGE = YES_ERROR;
				CLANG_WARN_DOCUMENTATION_COMMENTS = YES;
				CLANG_WARN_EMPTY_BODY = YES;
				CLANG_WARN_ENUM_CONVERSION = YES;
				CLANG_WARN_INFINITE_RECURSION = YES;
				CLANG_WARN_INT_CONVERSION = YES;
				CLANG_WARN_NON_LITERAL_NULL_CONVERSION = YES;
				CLANG_WARN_OBJC_IMPLICIT_RETAIN_SELF = YES;
				CLANG_WARN_OBJC_LITERAL_CONVERSION = YES;
				CLANG_WARN_OBJC_ROOT_CLASS = YES_ERROR;
				CLANG_WARN_QUOTED_INCLUDE_IN_FRAMEWORK_HEADER = YES;
				CLANG_WARN_RANGE_LOOP_ANALYSIS = YES;
				CLANG_WARN_STRICT_PROTOTYPES = YES;
				CLANG_WARN_SUSPICIOUS_MOVE = YES;
				CLANG_WARN_UNGUARDED_AVAILABILITY = YES_AGGRESSIVE;
				CLANG_WARN_UNREACHABLE_CODE = YES;
				CLANG_WARN__DUPLICATE_METHOD_MATCH = YES;
				COPY_PHASE_STRIP = NO;
				DEBUG_INFORMATION_FORMAT = "dwarf-with-dsym";
				ENABLE_NS_ASSERTIONS = NO;
				ENABLE_STRICT_OBJC_MSGSEND = YES;
				GCC_C_LANGUAGE_STANDARD = gnu11;
				GCC_NO_COMMON_BLOCKS = YES;
				GCC_WARN_64_TO_32_BIT_CONVERSION = YES;
				GCC_WARN_ABOUT_RETURN_TYPE = YES_ERROR;
				GCC_WARN_UNDECLARED_SELECTOR = YES;
				GCC_WARN_UNINITIALIZED_AUTOS = YES_AGGRESSIVE;
				GCC_WARN_UNUSED_FUNCTION = YES;
				GCC_WARN_UNUSED_VARIABLE = YES;
				MTL_ENABLE_DEBUG_INFO = NO;
				MTL_FAST_MATH = YES;
				SDKROOT = appletvos;
				SWIFT_COMPILATION_MODE = wholemodule;
				SWIFT_OPTIMIZATION_LEVEL = "-O";
				TVOS_DEPLOYMENT_TARGET = 14.0;
				VALIDATE_PRODUCT = YES;
			};
			name = Release;
		};
		541BCDB5252C39F600311915 /* Debug */ = {
			isa = XCBuildConfiguration;
			buildSettings = {
				ASSETCATALOG_COMPILER_APPICON_NAME = "App Icon & Top Shelf Image";
				ASSETCATALOG_COMPILER_GLOBAL_ACCENT_COLOR_NAME = AccentColor;
				CODE_SIGN_ENTITLEMENTS = Love/Love.entitlements;
				CODE_SIGN_STYLE = Automatic;
				DEVELOPMENT_ASSET_PATHS = "\"Love/Preview Content\"";
				DEVELOPMENT_TEAM = 4FJ372F858;
				ENABLE_PREVIEWS = YES;
				INFOPLIST_FILE = Love/Info.plist;
				LD_RUNPATH_SEARCH_PATHS = (
					"$(inherited)",
					"@executable_path/Frameworks",
				);
				PRODUCT_BUNDLE_IDENTIFIER = com.jokyjang.Love1;
				PRODUCT_NAME = "$(TARGET_NAME)";
				SWIFT_VERSION = 5.0;
				TARGETED_DEVICE_FAMILY = 3;
				TVOS_DEPLOYMENT_TARGET = 14.0;
			};
			name = Debug;
		};
		541BCDB6252C39F600311915 /* Release */ = {
			isa = XCBuildConfiguration;
			buildSettings = {
				ASSETCATALOG_COMPILER_APPICON_NAME = "App Icon & Top Shelf Image";
				ASSETCATALOG_COMPILER_GLOBAL_ACCENT_COLOR_NAME = AccentColor;
				CODE_SIGN_ENTITLEMENTS = Love/Love.entitlements;
				CODE_SIGN_STYLE = Automatic;
				DEVELOPMENT_ASSET_PATHS = "\"Love/Preview Content\"";
				DEVELOPMENT_TEAM = 4FJ372F858;
				ENABLE_PREVIEWS = YES;
				INFOPLIST_FILE = Love/Info.plist;
				LD_RUNPATH_SEARCH_PATHS = (
					"$(inherited)",
					"@executable_path/Frameworks",
				);
				PRODUCT_BUNDLE_IDENTIFIER = com.jokyjang.Love1;
				PRODUCT_NAME = "$(TARGET_NAME)";
				SWIFT_VERSION = 5.0;
				TARGETED_DEVICE_FAMILY = 3;
				TVOS_DEPLOYMENT_TARGET = 14.0;
			};
			name = Release;
		};
		541BCDB8252C39F600311915 /* Debug */ = {
			isa = XCBuildConfiguration;
			buildSettings = {
				ALWAYS_EMBED_SWIFT_STANDARD_LIBRARIES = YES;
				BUNDLE_LOADER = "$(TEST_HOST)";
				CODE_SIGN_STYLE = Automatic;
				DEVELOPMENT_TEAM = 4FJ372F858;
				INFOPLIST_FILE = LoveTests/Info.plist;
				LD_RUNPATH_SEARCH_PATHS = (
					"$(inherited)",
					"@executable_path/Frameworks",
					"@loader_path/Frameworks",
				);
				PRODUCT_BUNDLE_IDENTIFIER = com.jokyjang.LoveTests;
				PRODUCT_NAME = "$(TARGET_NAME)";
				SWIFT_VERSION = 5.0;
				TARGETED_DEVICE_FAMILY = 3;
				TEST_HOST = "$(BUILT_PRODUCTS_DIR)/Love.app/Love";
				TVOS_DEPLOYMENT_TARGET = 14.0;
			};
			name = Debug;
		};
		541BCDB9252C39F600311915 /* Release */ = {
			isa = XCBuildConfiguration;
			buildSettings = {
				ALWAYS_EMBED_SWIFT_STANDARD_LIBRARIES = YES;
				BUNDLE_LOADER = "$(TEST_HOST)";
				CODE_SIGN_STYLE = Automatic;
				DEVELOPMENT_TEAM = 4FJ372F858;
				INFOPLIST_FILE = LoveTests/Info.plist;
				LD_RUNPATH_SEARCH_PATHS = (
					"$(inherited)",
					"@executable_path/Frameworks",
					"@loader_path/Frameworks",
				);
				PRODUCT_BUNDLE_IDENTIFIER = com.jokyjang.LoveTests;
				PRODUCT_NAME = "$(TARGET_NAME)";
				SWIFT_VERSION = 5.0;
				TARGETED_DEVICE_FAMILY = 3;
				TEST_HOST = "$(BUILT_PRODUCTS_DIR)/Love.app/Love";
				TVOS_DEPLOYMENT_TARGET = 14.0;
			};
			name = Release;
		};
		541BCDBB252C39F600311915 /* Debug */ = {
			isa = XCBuildConfiguration;
			buildSettings = {
				ALWAYS_EMBED_SWIFT_STANDARD_LIBRARIES = YES;
				CODE_SIGN_STYLE = Automatic;
				DEVELOPMENT_TEAM = 4FJ372F858;
				INFOPLIST_FILE = LoveUITests/Info.plist;
				LD_RUNPATH_SEARCH_PATHS = (
					"$(inherited)",
					"@executable_path/Frameworks",
					"@loader_path/Frameworks",
				);
				PRODUCT_BUNDLE_IDENTIFIER = com.jokyjang.LoveUITests;
				PRODUCT_NAME = "$(TARGET_NAME)";
				SWIFT_VERSION = 5.0;
				TARGETED_DEVICE_FAMILY = 3;
				TEST_TARGET_NAME = Love;
			};
			name = Debug;
		};
		541BCDBC252C39F600311915 /* Release */ = {
			isa = XCBuildConfiguration;
			buildSettings = {
				ALWAYS_EMBED_SWIFT_STANDARD_LIBRARIES = YES;
				CODE_SIGN_STYLE = Automatic;
				DEVELOPMENT_TEAM = 4FJ372F858;
				INFOPLIST_FILE = LoveUITests/Info.plist;
				LD_RUNPATH_SEARCH_PATHS = (
					"$(inherited)",
					"@executable_path/Frameworks",
					"@loader_path/Frameworks",
				);
				PRODUCT_BUNDLE_IDENTIFIER = com.jokyjang.LoveUITests;
				PRODUCT_NAME = "$(TARGET_NAME)";
				SWIFT_VERSION = 5.0;
				TARGETED_DEVICE_FAMILY = 3;
				TEST_TARGET_NAME = Love;
			};
			name = Release;
		};
/* End XCBuildConfiguration section */

/* Begin XCConfigurationList section */
		541BCD8A252C39F200311915 /* Build configuration list for PBXProject "Love" */ = {
			isa = XCConfigurationList;
			buildConfigurations = (
				541BCDB2252C39F600311915 /* Debug */,
				541BCDB3252C39F600311915 /* Release */,
			);
			defaultConfigurationIsVisible = 0;
			defaultConfigurationName = Release;
		};
		541BCDB4252C39F600311915 /* Build configuration list for PBXNativeTarget "Love" */ = {
			isa = XCConfigurationList;
			buildConfigurations = (
				541BCDB5252C39F600311915 /* Debug */,
				541BCDB6252C39F600311915 /* Release */,
			);
			defaultConfigurationIsVisible = 0;
			defaultConfigurationName = Release;
		};
		541BCDB7252C39F600311915 /* Build configuration list for PBXNativeTarget "LoveTests" */ = {
			isa = XCConfigurationList;
			buildConfigurations = (
				541BCDB8252C39F600311915 /* Debug */,
				541BCDB9252C39F600311915 /* Release */,
			);
			defaultConfigurationIsVisible = 0;
			defaultConfigurationName = Release;
		};
		541BCDBA252C39F600311915 /* Build configuration list for PBXNativeTarget "LoveUITests" */ = {
			isa = XCConfigurationList;
			buildConfigurations = (
				541BCDBB252C39F600311915 /* Debug */,
				541BCDBC252C39F600311915 /* Release */,
			);
			defaultConfigurationIsVisible = 0;
			defaultConfigurationName = Release;
		};
/* End XCConfigurationList section */
	};
	rootObject = 541BCD87252C39F200311915 /* Project object */;
}
